// !$*UTF8*$!
{
	archiveVersion = 1;
	classes = {
	};
	objectVersion = 50;
	objects = {

/* Begin PBXBuildFile section */
		5D34A5E125A8EE4500EEF79F /* RollDiceApp.swift in Sources */ = {isa = PBXBuildFile; fileRef = 5D34A5E025A8EE4500EEF79F /* RollDiceApp.swift */; };
		5D34A5E325A8EE4500EEF79F /* ContentView.swift in Sources */ = {isa = PBXBuildFile; fileRef = 5D34A5E225A8EE4500EEF79F /* ContentView.swift */; };
		5D34A5E525A8EE4900EEF79F /* Assets.xcassets in Resources */ = {isa = PBXBuildFile; fileRef = 5D34A5E425A8EE4900EEF79F /* Assets.xcassets */; };
		5D34A5E825A8EE4900EEF79F /* Preview Assets.xcassets in Resources */ = {isa = PBXBuildFile; fileRef = 5D34A5E725A8EE4900EEF79F /* Preview Assets.xcassets */; };
		5D34A5EA25A8EE4900EEF79F /* Persistence.swift in Sources */ = {isa = PBXBuildFile; fileRef = 5D34A5E925A8EE4900EEF79F /* Persistence.swift */; };
		5D34A5ED25A8EE4900EEF79F /* RollDice.xcdatamodeld in Sources */ = {isa = PBXBuildFile; fileRef = 5D34A5EB25A8EE4900EEF79F /* RollDice.xcdatamodeld */; };
		5D34A5F825A9096600EEF79F /* DiceView.swift in Sources */ = {isa = PBXBuildFile; fileRef = 5D34A5F725A9096600EEF79F /* DiceView.swift */; };
		5D34A5FB25A9096C00EEF79F /* ResultsView.swift in Sources */ = {isa = PBXBuildFile; fileRef = 5D34A5FA25A9096C00EEF79F /* ResultsView.swift */; };
		5D34A5FE25A90CFC00EEF79F /* Dice.swift in Sources */ = {isa = PBXBuildFile; fileRef = 5D34A5FD25A90CFC00EEF79F /* Dice.swift */; };
/* End PBXBuildFile section */

/* Begin PBXFileReference section */
		5D34A5DD25A8EE4500EEF79F /* RollDice.app */ = {isa = PBXFileReference; explicitFileType = wrapper.application; includeInIndex = 0; path = RollDice.app; sourceTree = BUILT_PRODUCTS_DIR; };
		5D34A5E025A8EE4500EEF79F /* RollDiceApp.swift */ = {isa = PBXFileReference; lastKnownFileType = sourcecode.swift; path = RollDiceApp.swift; sourceTree = "<group>"; };
		5D34A5E225A8EE4500EEF79F /* ContentView.swift */ = {isa = PBXFileReference; lastKnownFileType = sourcecode.swift; path = ContentView.swift; sourceTree = "<group>"; };
		5D34A5E425A8EE4900EEF79F /* Assets.xcassets */ = {isa = PBXFileReference; lastKnownFileType = folder.assetcatalog; path = Assets.xcassets; sourceTree = "<group>"; };
		5D34A5E725A8EE4900EEF79F /* Preview Assets.xcassets */ = {isa = PBXFileReference; lastKnownFileType = folder.assetcatalog; path = "Preview Assets.xcassets"; sourceTree = "<group>"; };
		5D34A5E925A8EE4900EEF79F /* Persistence.swift */ = {isa = PBXFileReference; lastKnownFileType = sourcecode.swift; path = Persistence.swift; sourceTree = "<group>"; };
		5D34A5EC25A8EE4900EEF79F /* RollDice.xcdatamodel */ = {isa = PBXFileReference; lastKnownFileType = wrapper.xcdatamodel; path = RollDice.xcdatamodel; sourceTree = "<group>"; };
		5D34A5EE25A8EE4900EEF79F /* Info.plist */ = {isa = PBXFileReference; lastKnownFileType = text.plist.xml; path = Info.plist; sourceTree = "<group>"; };
		5D34A5F725A9096600EEF79F /* DiceView.swift */ = {isa = PBXFileReference; lastKnownFileType = sourcecode.swift; path = DiceView.swift; sourceTree = "<group>"; };
		5D34A5FA25A9096C00EEF79F /* ResultsView.swift */ = {isa = PBXFileReference; lastKnownFileType = sourcecode.swift; path = ResultsView.swift; sourceTree = "<group>"; };
		5D34A5FD25A90CFC00EEF79F /* Dice.swift */ = {isa = PBXFileReference; lastKnownFileType = sourcecode.swift; path = Dice.swift; sourceTree = "<group>"; };
/* End PBXFileReference section */

/* Begin PBXFrameworksBuildPhase section */
		5D34A5DA25A8EE4500EEF79F /* Frameworks */ = {
			isa = PBXFrameworksBuildPhase;
			buildActionMask = 2147483647;
			files = (
			);
			runOnlyForDeploymentPostprocessing = 0;
		};
/* End PBXFrameworksBuildPhase section */

/* Begin PBXGroup section */
		5D34A5D425A8EE4500EEF79F = {
			isa = PBXGroup;
			children = (
				5D34A5DF25A8EE4500EEF79F /* RollDice */,
				5D34A5DE25A8EE4500EEF79F /* Products */,
			);
			sourceTree = "<group>";
		};
		5D34A5DE25A8EE4500EEF79F /* Products */ = {
			isa = PBXGroup;
			children = (
				5D34A5DD25A8EE4500EEF79F /* RollDice.app */,
			);
			name = Products;
			sourceTree = "<group>";
		};
		5D34A5DF25A8EE4500EEF79F /* RollDice */ = {
			isa = PBXGroup;
			children = (
				5D34A5E025A8EE4500EEF79F /* RollDiceApp.swift */,
				5D34A5E225A8EE4500EEF79F /* ContentView.swift */,
				5D34A5F725A9096600EEF79F /* DiceView.swift */,
				5D34A5FA25A9096C00EEF79F /* ResultsView.swift */,
				5D34A5FD25A90CFC00EEF79F /* Dice.swift */,
				5D34A5E425A8EE4900EEF79F /* Assets.xcassets */,
				5D34A5E925A8EE4900EEF79F /* Persistence.swift */,
				5D34A5EE25A8EE4900EEF79F /* Info.plist */,
				5D34A5EB25A8EE4900EEF79F /* RollDice.xcdatamodeld */,
				5D34A5E625A8EE4900EEF79F /* Preview Content */,
			);
			path = RollDice;
			sourceTree = "<group>";
		};
		5D34A5E625A8EE4900EEF79F /* Preview Content */ = {
			isa = PBXGroup;
			children = (
				5D34A5E725A8EE4900EEF79F /* Preview Assets.xcassets */,
			);
			path = "Preview Content";
			sourceTree = "<group>";
		};
/* End PBXGroup section */

/* Begin PBXNativeTarget section */
		5D34A5DC25A8EE4500EEF79F /* RollDice */ = {
			isa = PBXNativeTarget;
			buildConfigurationList = 5D34A5F125A8EE4900EEF79F /* Build configuration list for PBXNativeTarget "RollDice" */;
			buildPhases = (
				5D34A5D925A8EE4500EEF79F /* Sources */,
				5D34A5DA25A8EE4500EEF79F /* Frameworks */,
				5D34A5DB25A8EE4500EEF79F /* Resources */,
			);
			buildRules = (
			);
			dependencies = (
			);
			name = RollDice;
			productName = RollDice;
			productReference = 5D34A5DD25A8EE4500EEF79F /* RollDice.app */;
			productType = "com.apple.product-type.application";
		};
/* End PBXNativeTarget section */

/* Begin PBXProject section */
		5D34A5D525A8EE4500EEF79F /* Project object */ = {
			isa = PBXProject;
			attributes = {
				LastSwiftUpdateCheck = 1200;
				LastUpgradeCheck = 1200;
				TargetAttributes = {
					5D34A5DC25A8EE4500EEF79F = {
						CreatedOnToolsVersion = 12.0;
					};
				};
			};
			buildConfigurationList = 5D34A5D825A8EE4500EEF79F /* Build configuration list for PBXProject "RollDice" */;
			compatibilityVersion = "Xcode 9.3";
			developmentRegion = en;
			hasScannedForEncodings = 0;
			knownRegions = (
				en,
				Base,
			);
			mainGroup = 5D34A5D425A8EE4500EEF79F;
			productRefGroup = 5D34A5DE25A8EE4500EEF79F /* Products */;
			projectDirPath = "";
			projectRoot = "";
			targets = (
				5D34A5DC25A8EE4500EEF79F /* RollDice */,
			);
		};
/* End PBXProject section */

/* Begin PBXResourcesBuildPhase section */
		5D34A5DB25A8EE4500EEF79F /* Resources */ = {
			isa = PBXResourcesBuildPhase;
			buildActionMask = 2147483647;
			files = (
				5D34A5E825A8EE4900EEF79F /* Preview Assets.xcassets in Resources */,
				5D34A5E525A8EE4900EEF79F /* Assets.xcassets in Resources */,
			);
			runOnlyForDeploymentPostprocessing = 0;
		};
/* End PBXResourcesBuildPhase section */

/* Begin PBXSourcesBuildPhase section */
		5D34A5D925A8EE4500EEF79F /* Sources */ = {
			isa = PBXSourcesBuildPhase;
			buildActionMask = 2147483647;
			files = (
				5D34A5EA25A8EE4900EEF79F /* Persistence.swift in Sources */,
				5D34A5FE25A90CFC00EEF79F /* Dice.swift in Sources */,
				5D34A5FB25A9096C00EEF79F /* ResultsView.swift in Sources */,
				5D34A5F825A9096600EEF79F /* DiceView.swift in Sources */,
				5D34A5E325A8EE4500EEF79F /* ContentView.swift in Sources */,
				5D34A5E125A8EE4500EEF79F /* RollDiceApp.swift in Sources */,
				5D34A5ED25A8EE4900EEF79F /* RollDice.xcdatamodeld in Sources */,
			);
			runOnlyForDeploymentPostprocessing = 0;
		};
/* End PBXSourcesBuildPhase section */

/* Begin XCBuildConfiguration section */
		5D34A5EF25A8EE4900EEF79F /* Debug */ = {
			isa = XCBuildConfiguration;
			buildSettings = {
				ALWAYS_SEARCH_USER_PATHS = NO;
				CLANG_ANALYZER_NONNULL = YES;
				CLANG_ANALYZER_NUMBER_OBJECT_CONVERSION = YES_AGGRESSIVE;
				CLANG_CXX_LANGUAGE_STANDARD = "gnu++14";
				CLANG_CXX_LIBRARY = "libc++";
				CLANG_ENABLE_MODULES = YES;
				CLANG_ENABLE_OBJC_ARC = YES;
				CLANG_ENABLE_OBJC_WEAK = YES;
				CLANG_WARN_BLOCK_CAPTURE_AUTORELEASING = YES;
				CLANG_WARN_BOOL_CONVERSION = YES;
				CLANG_WARN_COMMA = YES;
				CLANG_WARN_CONSTANT_CONVERSION = YES;
				CLANG_WARN_DEPRECATED_OBJC_IMPLEMENTATIONS = YES;
				CLANG_WARN_DIRECT_OBJC_ISA_USAGE = YES_ERROR;
				CLANG_WARN_DOCUMENTATION_COMMENTS = YES;
				CLANG_WARN_EMPTY_BODY = YES;
				CLANG_WARN_ENUM_CONVERSION = YES;
				CLANG_WARN_INFINITE_RECURSION = YES;
				CLANG_WARN_INT_CONVERSION = YES;
				CLANG_WARN_NON_LITERAL_NULL_CONVERSION = YES;
				CLANG_WARN_OBJC_IMPLICIT_RETAIN_SELF = YES;
				CLANG_WARN_OBJC_LITERAL_CONVERSION = YES;
				CLANG_WARN_OBJC_ROOT_CLASS = YES_ERROR;
				CLANG_WARN_QUOTED_INCLUDE_IN_FRAMEWORK_HEADER = YES;
				CLANG_WARN_RANGE_LOOP_ANALYSIS = YES;
				CLANG_WARN_STRICT_PROTOTYPES = YES;
				CLANG_WARN_SUSPICIOUS_MOVE = YES;
				CLANG_WARN_UNGUARDED_AVAILABILITY = YES_AGGRESSIVE;
				CLANG_WARN_UNREACHABLE_CODE = YES;
				CLANG_WARN__DUPLICATE_METHOD_MATCH = YES;
				COPY_PHASE_STRIP = NO;
				DEBUG_INFORMATION_FORMAT = dwarf;
				ENABLE_STRICT_OBJC_MSGSEND = YES;
				ENABLE_TESTABILITY = YES;
				GCC_C_LANGUAGE_STANDARD = gnu11;
				GCC_DYNAMIC_NO_PIC = NO;
				GCC_NO_COMMON_BLOCKS = YES;
				GCC_OPTIMIZATION_LEVEL = 0;
				GCC_PREPROCESSOR_DEFINITIONS = (
					"DEBUG=1",
					"$(inherited)",
				);
				GCC_WARN_64_TO_32_BIT_CONVERSION = YES;
				GCC_WARN_ABOUT_RETURN_TYPE = YES_ERROR;
				GCC_WARN_UNDECLARED_SELECTOR = YES;
				GCC_WARN_UNINITIALIZED_AUTOS = YES_AGGRESSIVE;
				GCC_WARN_UNUSED_FUNCTION = YES;
				GCC_WARN_UNUSED_VARIABLE = YES;
				IPHONEOS_DEPLOYMENT_TARGET = 14.0;
				MTL_ENABLE_DEBUG_INFO = INCLUDE_SOURCE;
				MTL_FAST_MATH = YES;
				ONLY_ACTIVE_ARCH = YES;
				SDKROOT = iphoneos;
				SWIFT_ACTIVE_COMPILATION_CONDITIONS = DEBUG;
				SWIFT_OPTIMIZATION_LEVEL = "-Onone";
			};
			name = Debug;
		};
		5D34A5F025A8EE4900EEF79F /* Release */ = {
			isa = XCBuildConfiguration;
			buildSettings = {
				ALWAYS_SEARCH_USER_PATHS = NO;
				CLANG_ANALYZER_NONNULL = YES;
				CLANG_ANALYZER_NUMBER_OBJECT_CONVERSION = YES_AGGRESSIVE;
				CLANG_CXX_LANGUAGE_STANDARD = "gnu++14";
				CLANG_CXX_LIBRARY = "libc++";
				CLANG_ENABLE_MODULES = YES;
				CLANG_ENABLE_OBJC_ARC = YES;
				CLANG_ENABLE_OBJC_WEAK = YES;
				CLANG_WARN_BLOCK_CAPTURE_AUTORELEASING = YES;
				CLANG_WARN_BOOL_CONVERSION = YES;
				CLANG_WARN_COMMA = YES;
				CLANG_WARN_CONSTANT_CONVERSION = YES;
				CLANG_WARN_DEPRECATED_OBJC_IMPLEMENTATIONS = YES;
				CLANG_WARN_DIRECT_OBJC_ISA_USAGE = YES_ERROR;
				CLANG_WARN_DOCUMENTATION_COMMENTS = YES;
				CLANG_WARN_EMPTY_BODY = YES;
				CLANG_WARN_ENUM_CONVERSION = YES;
				CLANG_WARN_INFINITE_RECURSION = YES;
				CLANG_WARN_INT_CONVERSION = YES;
				CLANG_WARN_NON_LITERAL_NULL_CONVERSION = YES;
				CLANG_WARN_OBJC_IMPLICIT_RETAIN_SELF = YES;
				CLANG_WARN_OBJC_LITERAL_CONVERSION = YES;
				CLANG_WARN_OBJC_ROOT_CLASS = YES_ERROR;
				CLANG_WARN_QUOTED_INCLUDE_IN_FRAMEWORK_HEADER = YES;
				CLANG_WARN_RANGE_LOOP_ANALYSIS = YES;
				CLANG_WARN_STRICT_PROTOTYPES = YES;
				CLANG_WARN_SUSPICIOUS_MOVE = YES;
				CLANG_WARN_UNGUARDED_AVAILABILITY = YES_AGGRESSIVE;
				CLANG_WARN_UNREACHABLE_CODE = YES;
				CLANG_WARN__DUPLICATE_METHOD_MATCH = YES;
				COPY_PHASE_STRIP = NO;
				DEBUG_INFORMATION_FORMAT = "dwarf-with-dsym";
				ENABLE_NS_ASSERTIONS = NO;
				ENABLE_STRICT_OBJC_MSGSEND = YES;
				GCC_C_LANGUAGE_STANDARD = gnu11;
				GCC_NO_COMMON_BLOCKS = YES;
				GCC_WARN_64_TO_32_BIT_CONVERSION = YES;
				GCC_WARN_ABOUT_RETURN_TYPE = YES_ERROR;
				GCC_WARN_UNDECLARED_SELECTOR = YES;
				GCC_WARN_UNINITIALIZED_AUTOS = YES_AGGRESSIVE;
				GCC_WARN_UNUSED_FUNCTION = YES;
				GCC_WARN_UNUSED_VARIABLE = YES;
				IPHONEOS_DEPLOYMENT_TARGET = 14.0;
				MTL_ENABLE_DEBUG_INFO = NO;
				MTL_FAST_MATH = YES;
				SDKROOT = iphoneos;
				SWIFT_COMPILATION_MODE = wholemodule;
				SWIFT_OPTIMIZATION_LEVEL = "-O";
				VALIDATE_PRODUCT = YES;
			};
			name = Release;
		};
		5D34A5F225A8EE4900EEF79F /* Debug */ = {
			isa = XCBuildConfiguration;
			buildSettings = {
				ASSETCATALOG_COMPILER_APPICON_NAME = AppIcon;
				ASSETCATALOG_COMPILER_GLOBAL_ACCENT_COLOR_NAME = AccentColor;
				CODE_SIGN_STYLE = Automatic;
				DEVELOPMENT_ASSET_PATHS = "\"RollDice/Preview Content\"";
				DEVELOPMENT_TEAM = 49L9TL5FBC;
				ENABLE_PREVIEWS = YES;
				INFOPLIST_FILE = RollDice/Info.plist;
				IPHONEOS_DEPLOYMENT_TARGET = 14.0;
				LD_RUNPATH_SEARCH_PATHS = (
					"$(inherited)",
					"@executable_path/Frameworks",
				);
				PRODUCT_BUNDLE_IDENTIFIER = HKPTraining.RollDice;
				PRODUCT_NAME = "$(TARGET_NAME)";
				SWIFT_VERSION = 5.0;
				TARGETED_DEVICE_FAMILY = "1,2";
			};
			name = Debug;
		};
		5D34A5F325A8EE4900EEF79F /* Release */ = {
			isa = XCBuildConfiguration;
			buildSettings = {
				ASSETCATALOG_COMPILER_APPICON_NAME = AppIcon;
				ASSETCATALOG_COMPILER_GLOBAL_ACCENT_COLOR_NAME = AccentColor;
				CODE_SIGN_STYLE = Automatic;
				DEVELOPMENT_ASSET_PATHS = "\"RollDice/Preview Content\"";
				DEVELOPMENT_TEAM = 49L9TL5FBC;
				ENABLE_PREVIEWS = YES;
				INFOPLIST_FILE = RollDice/Info.plist;
				IPHONEOS_DEPLOYMENT_TARGET = 14.0;
				LD_RUNPATH_SEARCH_PATHS = (
					"$(inherited)",
					"@executable_path/Frameworks",
				);
				PRODUCT_BUNDLE_IDENTIFIER = HKPTraining.RollDice;
				PRODUCT_NAME = "$(TARGET_NAME)";
				SWIFT_VERSION = 5.0;
				TARGETED_DEVICE_FAMILY = "1,2";
			};
			name = Release;
		};
/* End XCBuildConfiguration section */

/* Begin XCConfigurationList section */
		5D34A5D825A8EE4500EEF79F /* Build configuration list for PBXProject "RollDice" */ = {
			isa = XCConfigurationList;
			buildConfigurations = (
				5D34A5EF25A8EE4900EEF79F /* Debug */,
				5D34A5F025A8EE4900EEF79F /* Release */,
			);
			defaultConfigurationIsVisible = 0;
			defaultConfigurationName = Release;
		};
		5D34A5F125A8EE4900EEF79F /* Build configuration list for PBXNativeTarget "RollDice" */ = {
			isa = XCConfigurationList;
			buildConfigurations = (
				5D34A5F225A8EE4900EEF79F /* Debug */,
				5D34A5F325A8EE4900EEF79F /* Release */,
			);
			defaultConfigurationIsVisible = 0;
			defaultConfigurationName = Release;
		};
/* End XCConfigurationList section */

/* Begin XCVersionGroup section */
		5D34A5EB25A8EE4900EEF79F /* RollDice.xcdatamodeld */ = {
			isa = XCVersionGroup;
			children = (
				5D34A5EC25A8EE4900EEF79F /* RollDice.xcdatamodel */,
			);
			currentVersion = 5D34A5EC25A8EE4900EEF79F /* RollDice.xcdatamodel */;
			path = RollDice.xcdatamodeld;
			sourceTree = "<group>";
			versionGroupType = wrapper.xcdatamodel;
		};
/* End XCVersionGroup section */
	};
	rootObject = 5D34A5D525A8EE4500EEF79F /* Project object */;
}
